
Microsoft Visual Studio Solution File, Format Version 12.00
# Visual Studio 15
VisualStudioVersion = 15.0.28307.757
MinimumVisualStudioVersion = 10.0.40219.1
Project("{FAE04EC0-301F-11D3-BF4B-00C04F79EFBC}") = "0910", "0910\0910.csproj", "{835BB17C-1818-47AE-9848-E970EBD77760}"
EndProject
Global
	GlobalSection(SolutionConfigurationPlatforms) = preSolution
		Debug|Any CPU = Debug|Any CPU
		Release|Any CPU = Release|Any CPU
	EndGlobalSection
	GlobalSection(ProjectConfigurationPlatforms) = postSolution
		{835BB17C-1818-47AE-9848-E970EBD77760}.Debug|Any CPU.ActiveCfg = Debug|Any CPU
		{835BB17C-1818-47AE-9848-E970EBD77760}.Debug|Any CPU.Build.0 = Debug|Any CPU
		{835BB17C-1818-47AE-9848-E970EBD77760}.Release|Any CPU.ActiveCfg = Release|Any CPU
		{835BB17C-1818-47AE-9848-E970EBD77760}.Release|Any CPU.Build.0 = Release|Any CPU
	EndGlobalSection
	GlobalSection(SolutionProperties) = preSolution
		HideSolutionNode = FALSE
	EndGlobalSection
	GlobalSection(ExtensibilityGlobals) = postSolution
		SolutionGuid = {996C59E9-C53B-48CB-B6C9-696FC8E5A85C}
	EndGlobalSection
EndGlobal
